// !$*UTF8*$!
{
	archiveVersion = 1;
	classes = {
	};
	objectVersion = 46;
	objects = {

/* Begin PBXBuildFile section */
		6515B9E01B67661F00681D5B /* main.m in Sources */ = {isa = PBXBuildFile; fileRef = 6515B9DF1B67661F00681D5B /* main.m */; };
		6515B9E31B67661F00681D5B /* AppDelegate.m in Sources */ = {isa = PBXBuildFile; fileRef = 6515B9E21B67661F00681D5B /* AppDelegate.m */; };
		6515B9E61B67661F00681D5B /* ViewController.m in Sources */ = {isa = PBXBuildFile; fileRef = 6515B9E51B67661F00681D5B /* ViewController.m */; };
		6515B9E91B67661F00681D5B /* Main.storyboard in Resources */ = {isa = PBXBuildFile; fileRef = 6515B9E71B67661F00681D5B /* Main.storyboard */; };
		6515B9EB1B67661F00681D5B /* Images.xcassets in Resources */ = {isa = PBXBuildFile; fileRef = 6515B9EA1B67661F00681D5B /* Images.xcassets */; };
		6515B9EE1B67661F00681D5B /* LaunchScreen.xib in Resources */ = {isa = PBXBuildFile; fileRef = 6515B9EC1B67661F00681D5B /* LaunchScreen.xib */; };
		6515B9FA1B67661F00681D5B /* __2_mdc_swipe_to_chooseTests.m in Sources */ = {isa = PBXBuildFile; fileRef = 6515B9F91B67661F00681D5B /* __2_mdc_swipe_to_chooseTests.m */; };
		6515BA051B6768B900681D5B /* shinya.jpg in Resources */ = {isa = PBXBuildFile; fileRef = 6515BA041B6768B900681D5B /* shinya.jpg */; };
		6AC5E25C9516D3A3CD09C8F7 /* libPods.a in Frameworks */ = {isa = PBXBuildFile; fileRef = 9BC8E85820424E76C45A4F0C /* libPods.a */; };
/* End PBXBuildFile section */

/* Begin PBXContainerItemProxy section */
		6515B9F41B67661F00681D5B /* PBXContainerItemProxy */ = {
			isa = PBXContainerItemProxy;
			containerPortal = 6515B9D21B67661F00681D5B /* Project object */;
			proxyType = 1;
			remoteGlobalIDString = 6515B9D91B67661F00681D5B;
			remoteInfo = 4_2_mdc_swipe_to_choose;
		};
/* End PBXContainerItemProxy section */

/* Begin PBXFileReference section */
		041B4FCB06A2A9F11C922E69 /* Pods.release.xcconfig */ = {isa = PBXFileReference; includeInIndex = 1; lastKnownFileType = text.xcconfig; name = Pods.release.xcconfig; path = "Pods/Target Support Files/Pods/Pods.release.xcconfig"; sourceTree = "<group>"; };
		6515B9DA1B67661F00681D5B /* 4_2_mdc_swipe_to_choose.app */ = {isa = PBXFileReference; explicitFileType = wrapper.application; includeInIndex = 0; path = 4_2_mdc_swipe_to_choose.app; sourceTree = BUILT_PRODUCTS_DIR; };
		6515B9DE1B67661F00681D5B /* Info.plist */ = {isa = PBXFileReference; lastKnownFileType = text.plist.xml; path = Info.plist; sourceTree = "<group>"; };
		6515B9DF1B67661F00681D5B /* main.m */ = {isa = PBXFileReference; lastKnownFileType = sourcecode.c.objc; path = main.m; sourceTree = "<group>"; };
		6515B9E11B67661F00681D5B /* AppDelegate.h */ = {isa = PBXFileReference; lastKnownFileType = sourcecode.c.h; path = AppDelegate.h; sourceTree = "<group>"; };
		6515B9E21B67661F00681D5B /* AppDelegate.m */ = {isa = PBXFileReference; lastKnownFileType = sourcecode.c.objc; path = AppDelegate.m; sourceTree = "<group>"; };
		6515B9E41B67661F00681D5B /* ViewController.h */ = {isa = PBXFileReference; lastKnownFileType = sourcecode.c.h; path = ViewController.h; sourceTree = "<group>"; };
		6515B9E51B67661F00681D5B /* ViewController.m */ = {isa = PBXFileReference; lastKnownFileType = sourcecode.c.objc; path = ViewController.m; sourceTree = "<group>"; };
		6515B9E81B67661F00681D5B /* Base */ = {isa = PBXFileReference; lastKnownFileType = file.storyboard; name = Base; path = Base.lproj/Main.storyboard; sourceTree = "<group>"; };
		6515B9EA1B67661F00681D5B /* Images.xcassets */ = {isa = PBXFileReference; lastKnownFileType = folder.assetcatalog; path = Images.xcassets; sourceTree = "<group>"; };
		6515B9ED1B67661F00681D5B /* Base */ = {isa = PBXFileReference; lastKnownFileType = file.xib; name = Base; path = Base.lproj/LaunchScreen.xib; sourceTree = "<group>"; };
		6515B9F31B67661F00681D5B /* 4_2_mdc_swipe_to_chooseTests.xctest */ = {isa = PBXFileReference; explicitFileType = wrapper.cfbundle; includeInIndex = 0; path = 4_2_mdc_swipe_to_chooseTests.xctest; sourceTree = BUILT_PRODUCTS_DIR; };
		6515B9F81B67661F00681D5B /* Info.plist */ = {isa = PBXFileReference; lastKnownFileType = text.plist.xml; path = Info.plist; sourceTree = "<group>"; };
		6515B9F91B67661F00681D5B /* __2_mdc_swipe_to_chooseTests.m */ = {isa = PBXFileReference; lastKnownFileType = sourcecode.c.objc; path = __2_mdc_swipe_to_chooseTests.m; sourceTree = "<group>"; };
		6515BA041B6768B900681D5B /* shinya.jpg */ = {isa = PBXFileReference; lastKnownFileType = image.jpeg; name = shinya.jpg; path = ../../sample_4_2_mdc_swipe_to_choose/4_2_mdc_swipe_to_choose/images/shinya.jpg; sourceTree = "<group>"; };
		9BC8E85820424E76C45A4F0C /* libPods.a */ = {isa = PBXFileReference; explicitFileType = archive.ar; includeInIndex = 0; path = libPods.a; sourceTree = BUILT_PRODUCTS_DIR; };
		DDA397C20E577AD92E8B95CC /* Pods.debug.xcconfig */ = {isa = PBXFileReference; includeInIndex = 1; lastKnownFileType = text.xcconfig; name = Pods.debug.xcconfig; path = "Pods/Target Support Files/Pods/Pods.debug.xcconfig"; sourceTree = "<group>"; };
/* End PBXFileReference section */

/* Begin PBXFrameworksBuildPhase section */
		6515B9D71B67661F00681D5B /* Frameworks */ = {
			isa = PBXFrameworksBuildPhase;
			buildActionMask = 2147483647;
			files = (
				6AC5E25C9516D3A3CD09C8F7 /* libPods.a in Frameworks */,
			);
			runOnlyForDeploymentPostprocessing = 0;
		};
		6515B9F01B67661F00681D5B /* Frameworks */ = {
			isa = PBXFrameworksBuildPhase;
			buildActionMask = 2147483647;
			files = (
			);
			runOnlyForDeploymentPostprocessing = 0;
		};
/* End PBXFrameworksBuildPhase section */

/* Begin PBXGroup section */
		2EE8C4F0D0B3308CDA7D6311 /* Frameworks */ = {
			isa = PBXGroup;
			children = (
				9BC8E85820424E76C45A4F0C /* libPods.a */,
			);
			name = Frameworks;
			sourceTree = "<group>";
		};
		4AE4321A06F63C07F91F9736 /* Pods */ = {
			isa = PBXGroup;
			children = (
				DDA397C20E577AD92E8B95CC /* Pods.debug.xcconfig */,
				041B4FCB06A2A9F11C922E69 /* Pods.release.xcconfig */,
			);
			name = Pods;
			sourceTree = "<group>";
		};
		6515B9D11B67661F00681D5B = {
			isa = PBXGroup;
			children = (
				6515B9DC1B67661F00681D5B /* 4_2_mdc_swipe_to_choose */,
				6515B9F61B67661F00681D5B /* 4_2_mdc_swipe_to_chooseTests */,
				6515B9DB1B67661F00681D5B /* Products */,
				4AE4321A06F63C07F91F9736 /* Pods */,
				2EE8C4F0D0B3308CDA7D6311 /* Frameworks */,
			);
			sourceTree = "<group>";
		};
		6515B9DB1B67661F00681D5B /* Products */ = {
			isa = PBXGroup;
			children = (
				6515B9DA1B67661F00681D5B /* 4_2_mdc_swipe_to_choose.app */,
				6515B9F31B67661F00681D5B /* 4_2_mdc_swipe_to_chooseTests.xctest */,
			);
			name = Products;
			sourceTree = "<group>";
		};
		6515B9DC1B67661F00681D5B /* 4_2_mdc_swipe_to_choose */ = {
			isa = PBXGroup;
			children = (
				6515B9E11B67661F00681D5B /* AppDelegate.h */,
				6515B9E21B67661F00681D5B /* AppDelegate.m */,
				6515B9E41B67661F00681D5B /* ViewController.h */,
				6515B9E51B67661F00681D5B /* ViewController.m */,
				6515B9E71B67661F00681D5B /* Main.storyboard */,
				6515B9EA1B67661F00681D5B /* Images.xcassets */,
				6515B9EC1B67661F00681D5B /* LaunchScreen.xib */,
				6515B9DD1B67661F00681D5B /* Supporting Files */,
			);
			path = 4_2_mdc_swipe_to_choose;
			sourceTree = "<group>";
		};
		6515B9DD1B67661F00681D5B /* Supporting Files */ = {
			isa = PBXGroup;
			children = (
				6515BA031B6768B000681D5B /* images */,
				6515B9DE1B67661F00681D5B /* Info.plist */,
				6515B9DF1B67661F00681D5B /* main.m */,
			);
			name = "Supporting Files";
			sourceTree = "<group>";
		};
		6515B9F61B67661F00681D5B /* 4_2_mdc_swipe_to_chooseTests */ = {
			isa = PBXGroup;
			children = (
				6515B9F91B67661F00681D5B /* __2_mdc_swipe_to_chooseTests.m */,
				6515B9F71B67661F00681D5B /* Supporting Files */,
			);
			path = 4_2_mdc_swipe_to_chooseTests;
			sourceTree = "<group>";
		};
		6515B9F71B67661F00681D5B /* Supporting Files */ = {
			isa = PBXGroup;
			children = (
				6515B9F81B67661F00681D5B /* Info.plist */,
			);
			name = "Supporting Files";
			sourceTree = "<group>";
		};
		6515BA031B6768B000681D5B /* images */ = {
			isa = PBXGroup;
			children = (
				6515BA041B6768B900681D5B /* shinya.jpg */,
			);
			name = images;
			sourceTree = "<group>";
		};
/* End PBXGroup section */

/* Begin PBXNativeTarget section */
		6515B9D91B67661F00681D5B /* 4_2_mdc_swipe_to_choose */ = {
			isa = PBXNativeTarget;
			buildConfigurationList = 6515B9FD1B67661F00681D5B /* Build configuration list for PBXNativeTarget "4_2_mdc_swipe_to_choose" */;
			buildPhases = (
				107BA595783DF955F476883D /* Check Pods Manifest.lock */,
				6515B9D61B67661F00681D5B /* Sources */,
				6515B9D71B67661F00681D5B /* Frameworks */,
				6515B9D81B67661F00681D5B /* Resources */,
				9692BB1E0AD48151433C0E8E /* Copy Pods Resources */,
			);
			buildRules = (
			);
			dependencies = (
			);
			name = 4_2_mdc_swipe_to_choose;
			productName = 4_2_mdc_swipe_to_choose;
			productReference = 6515B9DA1B67661F00681D5B /* 4_2_mdc_swipe_to_choose.app */;
			productType = "com.apple.product-type.application";
		};
		6515B9F21B67661F00681D5B /* 4_2_mdc_swipe_to_chooseTests */ = {
			isa = PBXNativeTarget;
			buildConfigurationList = 6515BA001B67661F00681D5B /* Build configuration list for PBXNativeTarget "4_2_mdc_swipe_to_chooseTests" */;
			buildPhases = (
				6515B9EF1B67661F00681D5B /* Sources */,
				6515B9F01B67661F00681D5B /* Frameworks */,
				6515B9F11B67661F00681D5B /* Resources */,
			);
			buildRules = (
			);
			dependencies = (
				6515B9F51B67661F00681D5B /* PBXTargetDependency */,
			);
			name = 4_2_mdc_swipe_to_chooseTests;
			productName = 4_2_mdc_swipe_to_chooseTests;
			productReference = 6515B9F31B67661F00681D5B /* 4_2_mdc_swipe_to_chooseTests.xctest */;
			productType = "com.apple.product-type.bundle.unit-test";
		};
/* End PBXNativeTarget section */

/* Begin PBXProject section */
		6515B9D21B67661F00681D5B /* Project object */ = {
			isa = PBXProject;
			attributes = {
				LastUpgradeCheck = 0640;
				ORGANIZATIONNAME = "Shinya Hirai";
				TargetAttributes = {
					6515B9D91B67661F00681D5B = {
						CreatedOnToolsVersion = 6.4;
					};
					6515B9F21B67661F00681D5B = {
						CreatedOnToolsVersion = 6.4;
						TestTargetID = 6515B9D91B67661F00681D5B;
					};
				};
			};
			buildConfigurationList = 6515B9D51B67661F00681D5B /* Build configuration list for PBXProject "4_2_mdc_swipe_to_choose" */;
			compatibilityVersion = "Xcode 3.2";
			developmentRegion = English;
			hasScannedForEncodings = 0;
			knownRegions = (
				en,
				Base,
			);
			mainGroup = 6515B9D11B67661F00681D5B;
			productRefGroup = 6515B9DB1B67661F00681D5B /* Products */;
			projectDirPath = "";
			projectRoot = "";
			targets = (
				6515B9D91B67661F00681D5B /* 4_2_mdc_swipe_to_choose */,
				6515B9F21B67661F00681D5B /* 4_2_mdc_swipe_to_chooseTests */,
			);
		};
/* End PBXProject section */

/* Begin PBXResourcesBuildPhase section */
		6515B9D81B67661F00681D5B /* Resources */ = {
			isa = PBXResourcesBuildPhase;
			buildActionMask = 2147483647;
			files = (
				6515B9E91B67661F00681D5B /* Main.storyboard in Resources */,
				6515BA051B6768B900681D5B /* shinya.jpg in Resources */,
				6515B9EE1B67661F00681D5B /* LaunchScreen.xib in Resources */,
				6515B9EB1B67661F00681D5B /* Images.xcassets in Resources */,
			);
			runOnlyForDeploymentPostprocessing = 0;
		};
		6515B9F11B67661F00681D5B /* Resources */ = {
			isa = PBXResourcesBuildPhase;
			buildActionMask = 2147483647;
			files = (
			);
			runOnlyForDeploymentPostprocessing = 0;
		};
/* End PBXResourcesBuildPhase section */

/* Begin PBXShellScriptBuildPhase section */
		107BA595783DF955F476883D /* Check Pods Manifest.lock */ = {
			isa = PBXShellScriptBuildPhase;
			buildActionMask = 2147483647;
			files = (
			);
			inputPaths = (
			);
			name = "Check Pods Manifest.lock";
			outputPaths = (
			);
			runOnlyForDeploymentPostprocessing = 0;
			shellPath = /bin/sh;
			shellScript = "diff \"${PODS_ROOT}/../Podfile.lock\" \"${PODS_ROOT}/Manifest.lock\" > /dev/null\nif [[ $? != 0 ]] ; then\n    cat << EOM\nerror: The sandbox is not in sync with the Podfile.lock. Run 'pod install' or update your CocoaPods installation.\nEOM\n    exit 1\nfi\n";
			showEnvVarsInLog = 0;
		};
		9692BB1E0AD48151433C0E8E /* Copy Pods Resources */ = {
			isa = PBXShellScriptBuildPhase;
			buildActionMask = 2147483647;
			files = (
			);
			inputPaths = (
			);
			name = "Copy Pods Resources";
			outputPaths = (
			);
			runOnlyForDeploymentPostprocessing = 0;
			shellPath = /bin/sh;
			shellScript = "\"${SRCROOT}/Pods/Target Support Files/Pods/Pods-resources.sh\"\n";
			showEnvVarsInLog = 0;
		};
/* End PBXShellScriptBuildPhase section */

/* Begin PBXSourcesBuildPhase section */
		6515B9D61B67661F00681D5B /* Sources */ = {
			isa = PBXSourcesBuildPhase;
			buildActionMask = 2147483647;
			files = (
				6515B9E61B67661F00681D5B /* ViewController.m in Sources */,
				6515B9E31B67661F00681D5B /* AppDelegate.m in Sources */,
				6515B9E01B67661F00681D5B /* main.m in Sources */,
			);
			runOnlyForDeploymentPostprocessing = 0;
		};
		6515B9EF1B67661F00681D5B /* Sources */ = {
			isa = PBXSourcesBuildPhase;
			buildActionMask = 2147483647;
			files = (
				6515B9FA1B67661F00681D5B /* __2_mdc_swipe_to_chooseTests.m in Sources */,
			);
			runOnlyForDeploymentPostprocessing = 0;
		};
/* End PBXSourcesBuildPhase section */

/* Begin PBXTargetDependency section */
		6515B9F51B67661F00681D5B /* PBXTargetDependency */ = {
			isa = PBXTargetDependency;
			target = 6515B9D91B67661F00681D5B /* 4_2_mdc_swipe_to_choose */;
			targetProxy = 6515B9F41B67661F00681D5B /* PBXContainerItemProxy */;
		};
/* End PBXTargetDependency section */

/* Begin PBXVariantGroup section */
		6515B9E71B67661F00681D5B /* Main.storyboard */ = {
			isa = PBXVariantGroup;
			children = (
				6515B9E81B67661F00681D5B /* Base */,
			);
			name = Main.storyboard;
			sourceTree = "<group>";
		};
		6515B9EC1B67661F00681D5B /* LaunchScreen.xib */ = {
			isa = PBXVariantGroup;
			children = (
				6515B9ED1B67661F00681D5B /* Base */,
			);
			name = LaunchScreen.xib;
			sourceTree = "<group>";
		};
/* End PBXVariantGroup section */

/* Begin XCBuildConfiguration section */
		6515B9FB1B67661F00681D5B /* Debug */ = {
			isa = XCBuildConfiguration;
			buildSettings = {
				ALWAYS_SEARCH_USER_PATHS = NO;
				CLANG_CXX_LANGUAGE_STANDARD = "gnu++0x";
				CLANG_CXX_LIBRARY = "libc++";
				CLANG_ENABLE_MODULES = YES;
				CLANG_ENABLE_OBJC_ARC = YES;
				CLANG_WARN_BOOL_CONVERSION = YES;
				CLANG_WARN_CONSTANT_CONVERSION = YES;
				CLANG_WARN_DIRECT_OBJC_ISA_USAGE = YES_ERROR;
				CLANG_WARN_EMPTY_BODY = YES;
				CLANG_WARN_ENUM_CONVERSION = YES;
				CLANG_WARN_INT_CONVERSION = YES;
				CLANG_WARN_OBJC_ROOT_CLASS = YES_ERROR;
				CLANG_WARN_UNREACHABLE_CODE = YES;
				CLANG_WARN__DUPLICATE_METHOD_MATCH = YES;
				"CODE_SIGN_IDENTITY[sdk=iphoneos*]" = "iPhone Developer";
				COPY_PHASE_STRIP = NO;
				DEBUG_INFORMATION_FORMAT = "dwarf-with-dsym";
				ENABLE_STRICT_OBJC_MSGSEND = YES;
				GCC_C_LANGUAGE_STANDARD = gnu99;
				GCC_DYNAMIC_NO_PIC = NO;
				GCC_NO_COMMON_BLOCKS = YES;
				GCC_OPTIMIZATION_LEVEL = 0;
				GCC_PREPROCESSOR_DEFINITIONS = (
					"DEBUG=1",
					"$(inherited)",
				);
				GCC_SYMBOLS_PRIVATE_EXTERN = NO;
				GCC_WARN_64_TO_32_BIT_CONVERSION = YES;
				GCC_WARN_ABOUT_RETURN_TYPE = YES_ERROR;
				GCC_WARN_UNDECLARED_SELECTOR = YES;
				GCC_WARN_UNINITIALIZED_AUTOS = YES_AGGRESSIVE;
				GCC_WARN_UNUSED_FUNCTION = YES;
				GCC_WARN_UNUSED_VARIABLE = YES;
				IPHONEOS_DEPLOYMENT_TARGET = 8.4;
				MTL_ENABLE_DEBUG_INFO = YES;
				ONLY_ACTIVE_ARCH = YES;
				SDKROOT = iphoneos;
			};
			name = Debug;
		};
		6515B9FC1B67661F00681D5B /* Release */ = {
			isa = XCBuildConfiguration;
			buildSettings = {
				ALWAYS_SEARCH_USER_PATHS = NO;
				CLANG_CXX_LANGUAGE_STANDARD = "gnu++0x";
				CLANG_CXX_LIBRARY = "libc++";
				CLANG_ENABLE_MODULES = YES;
				CLANG_ENABLE_OBJC_ARC = YES;
				CLANG_WARN_BOOL_CONVERSION = YES;
				CLANG_WARN_CONSTANT_CONVERSION = YES;
				CLANG_WARN_DIRECT_OBJC_ISA_USAGE = YES_ERROR;
				CLANG_WARN_EMPTY_BODY = YES;
				CLANG_WARN_ENUM_CONVERSION = YES;
				CLANG_WARN_INT_CONVERSION = YES;
				CLANG_WARN_OBJC_ROOT_CLASS = YES_ERROR;
				CLANG_WARN_UNREACHABLE_CODE = YES;
				CLANG_WARN__DUPLICATE_METHOD_MATCH = YES;
				"CODE_SIGN_IDENTITY[sdk=iphoneos*]" = "iPhone Developer";
				COPY_PHASE_STRIP = NO;
				DEBUG_INFORMATION_FORMAT = "dwarf-with-dsym";
				ENABLE_NS_ASSERTIONS = NO;
				ENABLE_STRICT_OBJC_MSGSEND = YES;
				GCC_C_LANGUAGE_STANDARD = gnu99;
				GCC_NO_COMMON_BLOCKS = YES;
				GCC_WARN_64_TO_32_BIT_CONVERSION = YES;
				GCC_WARN_ABOUT_RETURN_TYPE = YES_ERROR;
				GCC_WARN_UNDECLARED_SELECTOR = YES;
				GCC_WARN_UNINITIALIZED_AUTOS = YES_AGGRESSIVE;
				GCC_WARN_UNUSED_FUNCTION = YES;
				GCC_WARN_UNUSED_VARIABLE = YES;
				IPHONEOS_DEPLOYMENT_TARGET = 8.4;
				MTL_ENABLE_DEBUG_INFO = NO;
				SDKROOT = iphoneos;
				VALIDATE_PRODUCT = YES;
			};
			name = Release;
		};
		6515B9FE1B67661F00681D5B /* Debug */ = {
			isa = XCBuildConfiguration;
			baseConfigurationReference = DDA397C20E577AD92E8B95CC /* Pods.debug.xcconfig */;
			buildSettings = {
				ASSETCATALOG_COMPILER_APPICON_NAME = AppIcon;
				INFOPLIST_FILE = 4_2_mdc_swipe_to_choose/Info.plist;
				LD_RUNPATH_SEARCH_PATHS = "$(inherited) @executable_path/Frameworks";
				PRODUCT_NAME = "$(TARGET_NAME)";
			};
			name = Debug;
		};
		6515B9FF1B67661F00681D5B /* Release */ = {
			isa = XCBuildConfiguration;
			baseConfigurationReference = 041B4FCB06A2A9F11C922E69 /* Pods.release.xcconfig */;
			buildSettings = {
				ASSETCATALOG_COMPILER_APPICON_NAME = AppIcon;
				INFOPLIST_FILE = 4_2_mdc_swipe_to_choose/Info.plist;
				LD_RUNPATH_SEARCH_PATHS = "$(inherited) @executable_path/Frameworks";
				PRODUCT_NAME = "$(TARGET_NAME)";
			};
			name = Release;
		};
		6515BA011B67661F00681D5B /* Debug */ = {
			isa = XCBuildConfiguration;
			buildSettings = {
				BUNDLE_LOADER = "$(TEST_HOST)";
				FRAMEWORK_SEARCH_PATHS = (
					"$(SDKROOT)/Developer/Library/Frameworks",
					"$(inherited)",
				);
				GCC_PREPROCESSOR_DEFINITIONS = (
					"DEBUG=1",
					"$(inherited)",
				);
				INFOPLIST_FILE = 4_2_mdc_swipe_to_chooseTests/Info.plist;
				LD_RUNPATH_SEARCH_PATHS = "$(inherited) @executable_path/Frameworks @loader_path/Frameworks";
				PRODUCT_NAME = "$(TARGET_NAME)";
				TEST_HOST = "$(BUILT_PRODUCTS_DIR)/4_2_mdc_swipe_to_choose.app/4_2_mdc_swipe_to_choose";
			};
			name = Debug;
		};
		6515BA021B67661F00681D5B /* Release */ = {
			isa = XCBuildConfiguration;
			buildSettings = {
				BUNDLE_LOADER = "$(TEST_HOST)";
				FRAMEWORK_SEARCH_PATHS = (
					"$(SDKROOT)/Developer/Library/Frameworks",
					"$(inherited)",
				);
				INFOPLIST_FILE = 4_2_mdc_swipe_to_chooseTests/Info.plist;
				LD_RUNPATH_SEARCH_PATHS = "$(inherited) @executable_path/Frameworks @loader_path/Frameworks";
				PRODUCT_NAME = "$(TARGET_NAME)";
				TEST_HOST = "$(BUILT_PRODUCTS_DIR)/4_2_mdc_swipe_to_choose.app/4_2_mdc_swipe_to_choose";
			};
			name = Release;
		};
/* End XCBuildConfiguration section */

/* Begin XCConfigurationList section */
		6515B9D51B67661F00681D5B /* Build configuration list for PBXProject "4_2_mdc_swipe_to_choose" */ = {
			isa = XCConfigurationList;
			buildConfigurations = (
				6515B9FB1B67661F00681D5B /* Debug */,
				6515B9FC1B67661F00681D5B /* Release */,
			);
			defaultConfigurationIsVisible = 0;
			defaultConfigurationName = Release;
		};
		6515B9FD1B67661F00681D5B /* Build configuration list for PBXNativeTarget "4_2_mdc_swipe_to_choose" */ = {
			isa = XCConfigurationList;
			buildConfigurations = (
				6515B9FE1B67661F00681D5B /* Debug */,
				6515B9FF1B67661F00681D5B /* Release */,
			);
			defaultConfigurationIsVisible = 0;
			defaultConfigurationName = Release;
		};
		6515BA001B67661F00681D5B /* Build configuration list for PBXNativeTarget "4_2_mdc_swipe_to_chooseTests" */ = {
			isa = XCConfigurationList;
			buildConfigurations = (
				6515BA011B67661F00681D5B /* Debug */,
				6515BA021B67661F00681D5B /* Release */,
			);
			defaultConfigurationIsVisible = 0;
			defaultConfigurationName = Release;
		};
/* End XCConfigurationList section */
	};
	rootObject = 6515B9D21B67661F00681D5B /* Project object */;
}
